{
  "object": {
    "pins": [
      {
        "package": "Argon2Kit",
        "repositoryURL": "https://github.com/rkreutz/Argon2Kit",
        "state": {
          "branch": null,
          "revision": "87b9ca9c42304b8c6a5c14d7f6d6a0342917e71c",
          "version": "0.1.1"
        }
      },
      {
        "package": "combine-schedulers",
        "repositoryURL": "https://github.com/pointfreeco/combine-schedulers",
        "state": {
          "branch": null,
          "revision": "ff42ec9061d864de7982162011321d3df5080c10",
          "version": "0.1.2"
        }
      },
      {
        "package": "CryptoSwift",
        "repositoryURL": "https://github.com/krzyzanowskim/CryptoSwift",
        "state": {
          "branch": null,
          "revision": "19b3c3ceed117c5cc883517c4e658548315ba70b",
          "version": "1.6.0"
        }
      },
      {
        "package": "PasswordGeneratorKit",
        "repositoryURL": "https://github.com/rkreutz/PasswordGeneratorKit",
        "state": {
          "branch": null,
          "revision": "c71b092a3d0930d0d9dbdd5bbb51161ce0286c7a",
          "version": "4.1.0"
        }
      },
      {
        "package": "swift-argument-parser",
        "repositoryURL": "https://github.com/apple/swift-argument-parser",
        "state": {
          "branch": null,
          "revision": "223d62adc52d51669ae2ee19bdb8b7d9fd6fcd9c",
          "version": "0.0.6"
        }
      },
      {
        "package": "swift-case-paths",
        "repositoryURL": "https://github.com/pointfreeco/swift-case-paths",
        "state": {
          "branch": null,
          "revision": "ed1838ab4fa5d47db8aa640736dd5b7672548873",
          "version": "0.1.2"
        }
      },
      {
        "package": "swift-composable-architecture",
        "repositoryURL": "https://github.com/rkreutz/swift-composable-architecture",
        "state": {
          "branch": null,
          "revision": "1e3653b2585f3fd6ad951c7f72110941f6e9094b",
          "version": "0.9.2"
        }
      },
      {
        "package": "UIntX",
        "repositoryURL": "https://github.com/rkreutz/UIntX",
        "state": {
          "branch": null,
          "revision": "af0adb198db9a61a3c15a8d095941ba7b4712414",
          "version": "3.0.0"
        }
      }
    ]
  },
  "version": 1
}
